
Microsoft Visual Studio Solution File, Format Version 12.00
# Visual Studio Version 17
VisualStudioVersion = 17.14.36414.22 d17.14
MinimumVisualStudioVersion = 10.0.40219.1
Project("{FAE04EC0-301F-11D3-BF4B-00C04F79EFBC}") = "NonVoid2", "nonvoid\NonVoid2.csproj", "{524349D6-6502-48CD-A559-4AFD90EC23C9}"
EndProject
Global
	GlobalSection(SolutionConfigurationPlatforms) = preSolution
		Debug|Any CPU = Debug|Any CPU
		Release|Any CPU = Release|Any CPU
	EndGlobalSection
	GlobalSection(ProjectConfigurationPlatforms) = postSolution
		{524349D6-6502-48CD-A559-4AFD90EC23C9}.Debug|Any CPU.ActiveCfg = Debug|Any CPU
		{524349D6-6502-48CD-A559-4AFD90EC23C9}.Debug|Any CPU.Build.0 = Debug|Any CPU
		{524349D6-6502-48CD-A559-4AFD90EC23C9}.Release|Any CPU.ActiveCfg = Release|Any CPU
		{524349D6-6502-48CD-A559-4AFD90EC23C9}.Release|Any CPU.Build.0 = Release|Any CPU
	EndGlobalSection
	GlobalSection(SolutionProperties) = preSolution
		HideSolutionNode = FALSE
	EndGlobalSection
	GlobalSection(ExtensibilityGlobals) = postSolution
		SolutionGuid = {95D4D6AD-D232-4C93-8EA0-5617443F42B6}
	EndGlobalSection
EndGlobal
